# THIS IS AN AUTOGENERATED FILE. DO NOT EDIT THIS FILE DIRECTLY.
# yarn lockfile v1


"@types/lodash@^4.14.88":
  version "4.14.88"
  resolved "https://registry.yarnpkg.com/@types/lodash/-/lodash-4.14.88.tgz#97eaf2dc668f33ed8e511a5b627035f4ea20b0f5"

"@types/node@^8.0.57":
  version "8.0.57"
  resolved "https://registry.yarnpkg.com/@types/node/-/node-8.0.57.tgz#e5d8b4dc112763e35cfc51988f4f38da3c486d99"

lodash@^4.17.4:
  version "4.17.4"
  resolved "https://registry.yarnpkg.com/lodash/-/lodash-4.17.4.tgz#78203a4d1c328ae1d86dca6460e369b57f4055ae"

typescript@^2.6.2:
  version "2.6.2"
  resolved "https://registry.yarnpkg.com/typescript/-/typescript-2.6.2.tgz#3c5b6fd7f6de0914269027f03c0946758f7673a4"
